
Microsoft Visual Studio Solution File, Format Version 12.00
# Visual Studio Version 17
VisualStudioVersion = 17.0.31903.59
MinimumVisualStudioVersion = 10.0.40219.1
Project("{FAE04EC0-301F-11D3-BF4B-00C04F79EFBC}") = "CandidateTracker.Web", "CandidateTracker.Web\CandidateTracker.Web.csproj", "{7D702B8A-02E6-4612-B9DF-AE5AD941629F}"
EndProject
Project("{FAE04EC0-301F-11D3-BF4B-00C04F79EFBC}") = "CandidateTracker.Data", "CandidateTracker.Data\CandidateTracker.Data.csproj", "{9853C9F3-1A21-40F6-9C95-1091B1A3DBC4}"
EndProject
Global
	GlobalSection(SolutionConfigurationPlatforms) = preSolution
		Debug|Any CPU = Debug|Any CPU
		Release|Any CPU = Release|Any CPU
	EndGlobalSection
	GlobalSection(SolutionProperties) = preSolution
		HideSolutionNode = FALSE
	EndGlobalSection
	GlobalSection(ProjectConfigurationPlatforms) = postSolution
		{7D702B8A-02E6-4612-B9DF-AE5AD941629F}.Debug|Any CPU.ActiveCfg = Debug|Any CPU
		{7D702B8A-02E6-4612-B9DF-AE5AD941629F}.Debug|Any CPU.Build.0 = Debug|Any CPU
		{7D702B8A-02E6-4612-B9DF-AE5AD941629F}.Release|Any CPU.ActiveCfg = Release|Any CPU
		{7D702B8A-02E6-4612-B9DF-AE5AD941629F}.Release|Any CPU.Build.0 = Release|Any CPU
		{9853C9F3-1A21-40F6-9C95-1091B1A3DBC4}.Debug|Any CPU.ActiveCfg = Debug|Any CPU
		{9853C9F3-1A21-40F6-9C95-1091B1A3DBC4}.Debug|Any CPU.Build.0 = Debug|Any CPU
		{9853C9F3-1A21-40F6-9C95-1091B1A3DBC4}.Release|Any CPU.ActiveCfg = Release|Any CPU
		{9853C9F3-1A21-40F6-9C95-1091B1A3DBC4}.Release|Any CPU.Build.0 = Release|Any CPU
	EndGlobalSection
EndGlobal
